
Microsoft Visual Studio Solution File, Format Version 12.00
# Visual Studio Version 17
VisualStudioVersion = 17.0.31903.59
MinimumVisualStudioVersion = 10.0.40219.1
Project("{2150E333-8FDC-42A3-9474-1A3956D46DE8}") = "src", "src", "{827E0CD3-B72D-47B6-A68D-7590B98EB39B}"
EndProject
Project("{FAE04EC0-301F-11D3-BF4B-00C04F79EFBC}") = "RandWise.Api", "src\RandWise.Api\RandWise.Api.csproj", "{9D1C3049-D89C-4E94-BEDD-65069B40C85B}"
EndProject
Project("{FAE04EC0-301F-11D3-BF4B-00C04F79EFBC}") = "RandWise.Application", "src\RandWise.Application\RandWise.Application.csproj", "{4DE91EF1-0C64-4DBB-A5D4-27E95DCFA0B1}"
EndProject
Project("{FAE04EC0-301F-11D3-BF4B-00C04F79EFBC}") = "RandWise.Domain", "src\RandWise.Domain\RandWise.Domain.csproj", "{8A811BC8-BA82-4B9D-9686-41100E75E51B}"
EndProject
Project("{FAE04EC0-301F-11D3-BF4B-00C04F79EFBC}") = "RandWise.Infrastructure", "src\RandWise.Infrastructure\RandWise.Infrastructure.csproj", "{C5308496-DFB3-4117-9B1A-91DA82186CED}"
EndProject
Project("{FAE04EC0-301F-11D3-BF4B-00C04F79EFBC}") = "RandWise.Contracts", "src\RandWise.Contracts\RandWise.Contracts.csproj", "{7B5FB723-7217-4A8F-BF8C-BB7ADA898577}"
EndProject
Project("{FAE04EC0-301F-11D3-BF4B-00C04F79EFBC}") = "RandWise.UnitTests", "tests\RandWise.UnitTests\RandWise.UnitTests.csproj", "{6A904839-1E5C-42A9-A478-BDB0FA04D003}"
EndProject
Project("{FAE04EC0-301F-11D3-BF4B-00C04F79EFBC}") = "RandWise.IntegrationTests", "tests\RandWise.IntegrationTests\RandWise.IntegrationTests.csproj", "{6F5ACB46-7E95-4E8A-A736-ED1E19199B04}"
EndProject
Project("{FAE04EC0-301F-11D3-BF4B-00C04F79EFBC}") = "RandWise.ArchitectureTests", "tests\RandWise.ArchitectureTests\RandWise.ArchitectureTests.csproj", "{DF98C29C-B865-4C0F-9315-7859923A623B}"
EndProject
Global
	GlobalSection(SolutionConfigurationPlatforms) = preSolution
		Debug|Any CPU = Debug|Any CPU
		Debug|x64 = Debug|x64
		Debug|x86 = Debug|x86
		Release|Any CPU = Release|Any CPU
		Release|x64 = Release|x64
		Release|x86 = Release|x86
	EndGlobalSection
	GlobalSection(ProjectConfigurationPlatforms) = postSolution
		{9D1C3049-D89C-4E94-BEDD-65069B40C85B}.Debug|Any CPU.ActiveCfg = Debug|Any CPU
		{9D1C3049-D89C-4E94-BEDD-65069B40C85B}.Debug|Any CPU.Build.0 = Debug|Any CPU
		{9D1C3049-D89C-4E94-BEDD-65069B40C85B}.Debug|x64.ActiveCfg = Debug|Any CPU
		{9D1C3049-D89C-4E94-BEDD-65069B40C85B}.Debug|x64.Build.0 = Debug|Any CPU
		{9D1C3049-D89C-4E94-BEDD-65069B40C85B}.Debug|x86.ActiveCfg = Debug|Any CPU
		{9D1C3049-D89C-4E94-BEDD-65069B40C85B}.Debug|x86.Build.0 = Debug|Any CPU
		{9D1C3049-D89C-4E94-BEDD-65069B40C85B}.Release|Any CPU.ActiveCfg = Release|Any CPU
		{9D1C3049-D89C-4E94-BEDD-65069B40C85B}.Release|Any CPU.Build.0 = Release|Any CPU
		{9D1C3049-D89C-4E94-BEDD-65069B40C85B}.Release|x64.ActiveCfg = Release|Any CPU
		{9D1C3049-D89C-4E94-BEDD-65069B40C85B}.Release|x64.Build.0 = Release|Any CPU
		{9D1C3049-D89C-4E94-BEDD-65069B40C85B}.Release|x86.ActiveCfg = Release|Any CPU
		{9D1C3049-D89C-4E94-BEDD-65069B40C85B}.Release|x86.Build.0 = Release|Any CPU
		{4DE91EF1-0C64-4DBB-A5D4-27E95DCFA0B1}.Debug|Any CPU.ActiveCfg = Debug|Any CPU
		{4DE91EF1-0C64-4DBB-A5D4-27E95DCFA0B1}.Debug|Any CPU.Build.0 = Debug|Any CPU
		{4DE91EF1-0C64-4DBB-A5D4-27E95DCFA0B1}.Debug|x64.ActiveCfg = Debug|Any CPU
		{4DE91EF1-0C64-4DBB-A5D4-27E95DCFA0B1}.Debug|x64.Build.0 = Debug|Any CPU
		{4DE91EF1-0C64-4DBB-A5D4-27E95DCFA0B1}.Debug|x86.ActiveCfg = Debug|Any CPU
		{4DE91EF1-0C64-4DBB-A5D4-27E95DCFA0B1}.Debug|x86.Build.0 = Debug|Any CPU
		{4DE91EF1-0C64-4DBB-A5D4-27E95DCFA0B1}.Release|Any CPU.ActiveCfg = Release|Any CPU
		{4DE91EF1-0C64-4DBB-A5D4-27E95DCFA0B1}.Release|Any CPU.Build.0 = Release|Any CPU
		{4DE91EF1-0C64-4DBB-A5D4-27E95DCFA0B1}.Release|x64.ActiveCfg = Release|Any CPU
		{4DE91EF1-0C64-4DBB-A5D4-27E95DCFA0B1}.Release|x64.Build.0 = Release|Any CPU
		{4DE91EF1-0C64-4DBB-A5D4-27E95DCFA0B1}.Release|x86.ActiveCfg = Release|Any CPU
		{4DE91EF1-0C64-4DBB-A5D4-27E95DCFA0B1}.Release|x86.Build.0 = Release|Any CPU
		{8A811BC8-BA82-4B9D-9686-41100E75E51B}.Debug|Any CPU.ActiveCfg = Debug|Any CPU
		{8A811BC8-BA82-4B9D-9686-41100E75E51B}.Debug|Any CPU.Build.0 = Debug|Any CPU
		{8A811BC8-BA82-4B9D-9686-41100E75E51B}.Debug|x64.ActiveCfg = Debug|Any CPU
		{8A811BC8-BA82-4B9D-9686-41100E75E51B}.Debug|x64.Build.0 = Debug|Any CPU
		{8A811BC8-BA82-4B9D-9686-41100E75E51B}.Debug|x86.ActiveCfg = Debug|Any CPU
		{8A811BC8-BA82-4B9D-9686-41100E75E51B}.Debug|x86.Build.0 = Debug|Any CPU
		{8A811BC8-BA82-4B9D-9686-41100E75E51B}.Release|Any CPU.ActiveCfg = Release|Any CPU
		{8A811BC8-BA82-4B9D-9686-41100E75E51B}.Release|Any CPU.Build.0 = Release|Any CPU
		{8A811BC8-BA82-4B9D-9686-41100E75E51B}.Release|x64.ActiveCfg = Release|Any CPU
		{8A811BC8-BA82-4B9D-9686-41100E75E51B}.Release|x64.Build.0 = Release|Any CPU
		{8A811BC8-BA82-4B9D-9686-41100E75E51B}.Release|x86.ActiveCfg = Release|Any CPU
		{8A811BC8-BA82-4B9D-9686-41100E75E51B}.Release|x86.Build.0 = Release|Any CPU
		{C5308496-DFB3-4117-9B1A-91DA82186CED}.Debug|Any CPU.ActiveCfg = Debug|Any CPU
		{C5308496-DFB3-4117-9B1A-91DA82186CED}.Debug|Any CPU.Build.0 = Debug|Any CPU
		{C5308496-DFB3-4117-9B1A-91DA82186CED}.Debug|x64.ActiveCfg = Debug|Any CPU
		{C5308496-DFB3-4117-9B1A-91DA82186CED}.Debug|x64.Build.0 = Debug|Any CPU
		{C5308496-DFB3-4117-9B1A-91DA82186CED}.Debug|x86.ActiveCfg = Debug|Any CPU
		{C5308496-DFB3-4117-9B1A-91DA82186CED}.Debug|x86.Build.0 = Debug|Any CPU
		{C5308496-DFB3-4117-9B1A-91DA82186CED}.Release|Any CPU.ActiveCfg = Release|Any CPU
		{C5308496-DFB3-4117-9B1A-91DA82186CED}.Release|Any CPU.Build.0 = Release|Any CPU
		{C5308496-DFB3-4117-9B1A-91DA82186CED}.Release|x64.ActiveCfg = Release|Any CPU
		{C5308496-DFB3-4117-9B1A-91DA82186CED}.Release|x64.Build.0 = Release|Any CPU
		{C5308496-DFB3-4117-9B1A-91DA82186CED}.Release|x86.ActiveCfg = Release|Any CPU
		{C5308496-DFB3-4117-9B1A-91DA82186CED}.Release|x86.Build.0 = Release|Any CPU
		{7B5FB723-7217-4A8F-BF8C-BB7ADA898577}.Debug|Any CPU.ActiveCfg = Debug|Any CPU
		{7B5FB723-7217-4A8F-BF8C-BB7ADA898577}.Debug|Any CPU.Build.0 = Debug|Any CPU
		{7B5FB723-7217-4A8F-BF8C-BB7ADA898577}.Debug|x64.ActiveCfg = Debug|Any CPU
		{7B5FB723-7217-4A8F-BF8C-BB7ADA898577}.Debug|x64.Build.0 = Debug|Any CPU
		{7B5FB723-7217-4A8F-BF8C-BB7ADA898577}.Debug|x86.ActiveCfg = Debug|Any CPU
		{7B5FB723-7217-4A8F-BF8C-BB7ADA898577}.Debug|x86.Build.0 = Debug|Any CPU
		{7B5FB723-7217-4A8F-BF8C-BB7ADA898577}.Release|Any CPU.ActiveCfg = Release|Any CPU
		{7B5FB723-7217-4A8F-BF8C-BB7ADA898577}.Release|Any CPU.Build.0 = Release|Any CPU
		{7B5FB723-7217-4A8F-BF8C-BB7ADA898577}.Release|x64.ActiveCfg = Release|Any CPU
		{7B5FB723-7217-4A8F-BF8C-BB7ADA898577}.Release|x64.Build.0 = Release|Any CPU
		{7B5FB723-7217-4A8F-BF8C-BB7ADA898577}.Release|x86.ActiveCfg = Release|Any CPU
		{7B5FB723-7217-4A8F-BF8C-BB7ADA898577}.Release|x86.Build.0 = Release|Any CPU
		{6A904839-1E5C-42A9-A478-BDB0FA04D003}.Debug|Any CPU.ActiveCfg = Debug|Any CPU
		{6A904839-1E5C-42A9-A478-BDB0FA04D003}.Debug|Any CPU.Build.0 = Debug|Any CPU
		{6A904839-1E5C-42A9-A478-BDB0FA04D003}.Debug|x64.ActiveCfg = Debug|Any CPU
		{6A904839-1E5C-42A9-A478-BDB0FA04D003}.Debug|x64.Build.0 = Debug|Any CPU
		{6A904839-1E5C-42A9-A478-BDB0FA04D003}.Debug|x86.ActiveCfg = Debug|Any CPU
		{6A904839-1E5C-42A9-A478-BDB0FA04D003}.Debug|x86.Build.0 = Debug|Any CPU
		{6A904839-1E5C-42A9-A478-BDB0FA04D003}.Release|Any CPU.ActiveCfg = Release|Any CPU
		{6A904839-1E5C-42A9-A478-BDB0FA04D003}.Release|Any CPU.Build.0 = Release|Any CPU
		{6A904839-1E5C-42A9-A478-BDB0FA04D003}.Release|x64.ActiveCfg = Release|Any CPU
		{6A904839-1E5C-42A9-A478-BDB0FA04D003}.Release|x64.Build.0 = Release|Any CPU
		{6A904839-1E5C-42A9-A478-BDB0FA04D003}.Release|x86.ActiveCfg = Release|Any CPU
		{6A904839-1E5C-42A9-A478-BDB0FA04D003}.Release|x86.Build.0 = Release|Any CPU
		{6F5ACB46-7E95-4E8A-A736-ED1E19199B04}.Debug|Any CPU.ActiveCfg = Debug|Any CPU
		{6F5ACB46-7E95-4E8A-A736-ED1E19199B04}.Debug|Any CPU.Build.0 = Debug|Any CPU
		{6F5ACB46-7E95-4E8A-A736-ED1E19199B04}.Debug|x64.ActiveCfg = Debug|Any CPU
		{6F5ACB46-7E95-4E8A-A736-ED1E19199B04}.Debug|x64.Build.0 = Debug|Any CPU
		{6F5ACB46-7E95-4E8A-A736-ED1E19199B04}.Debug|x86.ActiveCfg = Debug|Any CPU
		{6F5ACB46-7E95-4E8A-A736-ED1E19199B04}.Debug|x86.Build.0 = Debug|Any CPU
		{6F5ACB46-7E95-4E8A-A736-ED1E19199B04}.Release|Any CPU.ActiveCfg = Release|Any CPU
		{6F5ACB46-7E95-4E8A-A736-ED1E19199B04}.Release|Any CPU.Build.0 = Release|Any CPU
		{6F5ACB46-7E95-4E8A-A736-ED1E19199B04}.Release|x64.ActiveCfg = Release|Any CPU
		{6F5ACB46-7E95-4E8A-A736-ED1E19199B04}.Release|x64.Build.0 = Release|Any CPU
		{6F5ACB46-7E95-4E8A-A736-ED1E19199B04}.Release|x86.ActiveCfg = Release|Any CPU
		{6F5ACB46-7E95-4E8A-A736-ED1E19199B04}.Release|x86.Build.0 = Release|Any CPU
		{DF98C29C-B865-4C0F-9315-7859923A623B}.Debug|Any CPU.ActiveCfg = Debug|Any CPU
		{DF98C29C-B865-4C0F-9315-7859923A623B}.Debug|Any CPU.Build.0 = Debug|Any CPU
		{DF98C29C-B865-4C0F-9315-7859923A623B}.Debug|x64.ActiveCfg = Debug|Any CPU
		{DF98C29C-B865-4C0F-9315-7859923A623B}.Debug|x64.Build.0 = Debug|Any CPU
		{DF98C29C-B865-4C0F-9315-7859923A623B}.Debug|x86.ActiveCfg = Debug|Any CPU
		{DF98C29C-B865-4C0F-9315-7859923A623B}.Debug|x86.Build.0 = Debug|Any CPU
		{DF98C29C-B865-4C0F-9315-7859923A623B}.Release|Any CPU.ActiveCfg = Release|Any CPU
		{DF98C29C-B865-4C0F-9315-7859923A623B}.Release|Any CPU.Build.0 = Release|Any CPU
		{DF98C29C-B865-4C0F-9315-7859923A623B}.Release|x64.ActiveCfg = Release|Any CPU
		{DF98C29C-B865-4C0F-9315-7859923A623B}.Release|x64.Build.0 = Release|Any CPU
		{DF98C29C-B865-4C0F-9315-7859923A623B}.Release|x86.ActiveCfg = Release|Any CPU
		{DF98C29C-B865-4C0F-9315-7859923A623B}.Release|x86.Build.0 = Release|Any CPU
	EndGlobalSection
	GlobalSection(SolutionProperties) = preSolution
		HideSolutionNode = FALSE
	EndGlobalSection
	GlobalSection(NestedProjects) = preSolution
		{9D1C3049-D89C-4E94-BEDD-65069B40C85B} = {827E0CD3-B72D-47B6-A68D-7590B98EB39B}
		{4DE91EF1-0C64-4DBB-A5D4-27E95DCFA0B1} = {827E0CD3-B72D-47B6-A68D-7590B98EB39B}
		{8A811BC8-BA82-4B9D-9686-41100E75E51B} = {827E0CD3-B72D-47B6-A68D-7590B98EB39B}
		{C5308496-DFB3-4117-9B1A-91DA82186CED} = {827E0CD3-B72D-47B6-A68D-7590B98EB39B}
		{7B5FB723-7217-4A8F-BF8C-BB7ADA898577} = {827E0CD3-B72D-47B6-A68D-7590B98EB39B}
		{6A904839-1E5C-42A9-A478-BDB0FA04D003} = {827E0CD3-B72D-47B6-A68D-7590B98EB39B}
		{6F5ACB46-7E95-4E8A-A736-ED1E19199B04} = {827E0CD3-B72D-47B6-A68D-7590B98EB39B}
		{DF98C29C-B865-4C0F-9315-7859923A623B} = {827E0CD3-B72D-47B6-A68D-7590B98EB39B}
	EndGlobalSection
EndGlobal
